// !$*UTF8*$!
{
	archiveVersion = 1;
	classes = {
	};
	objectVersion = 56;
	objects = {

/* Begin PBXBuildFile section */
		9CE4B4752B6F78E8002DC446 /* OnboardingPageControl.swift in Sources */ = {isa = PBXBuildFile; fileRef = 9CE4B4742B6F78E8002DC446 /* OnboardingPageControl.swift */; };
		BA0564062B624646003D6DC7 /* Shared.xcconfig in Resources */ = {isa = PBXBuildFile; fileRef = BA0564052B624646003D6DC7 /* Shared.xcconfig */; };
		BA0564092B6248EA003D6DC7 /* HomeAPI in Frameworks */ = {isa = PBXBuildFile; productRef = BA0564082B6248EA003D6DC7 /* HomeAPI */; };
		BA05640B2B6248EA003D6DC7 /* HomeAPISupport in Frameworks */ = {isa = PBXBuildFile; productRef = BA05640A2B6248EA003D6DC7 /* HomeAPISupport */; };
		BA05640D2B6248EA003D6DC7 /* Network in Frameworks */ = {isa = PBXBuildFile; productRef = BA05640C2B6248EA003D6DC7 /* Network */; };
		BA0623D82B68E51400A0A3B2 /* Log in Frameworks */ = {isa = PBXBuildFile; productRef = BA0623D72B68E51400A0A3B2 /* Log */; };
		BA097F0E2B9CA82A002D3E1E /* MailSheetView.swift in Sources */ = {isa = PBXBuildFile; fileRef = BA097F0D2B9CA82A002D3E1E /* MailSheetView.swift */; };
		BA1688E02B99B85500A8F462 /* NoticeView.swift in Sources */ = {isa = PBXBuildFile; fileRef = BA1688DF2B99B85500A8F462 /* NoticeView.swift */; };
		BA1989762BA9536A0083B4BE /* NoticeViewModel.swift in Sources */ = {isa = PBXBuildFile; fileRef = BA1989752BA9536A0083B4BE /* NoticeViewModel.swift */; };
		BA19897A2BA95C040083B4BE /* NoticeConfiguration.swift in Sources */ = {isa = PBXBuildFile; fileRef = BA1989792BA95C040083B4BE /* NoticeConfiguration.swift */; };
		BA19897C2BA95E8C0083B4BE /* DIContainer.swift in Sources */ = {isa = PBXBuildFile; fileRef = BA19897B2BA95E8C0083B4BE /* DIContainer.swift */; };
		BA28F17C2B6155450052855E /* ProductConfigurationTests.swift in Sources */ = {isa = PBXBuildFile; fileRef = BA28F17B2B6155450052855E /* ProductConfigurationTests.swift */; };
		BA28F1852B6155810052855E /* OnboardingView.swift in Sources */ = {isa = PBXBuildFile; fileRef = BA28F1842B6155810052855E /* OnboardingView.swift */; };
		BA28F1882B6155910052855E /* HomeView.swift in Sources */ = {isa = PBXBuildFile; fileRef = BA28F1872B6155910052855E /* HomeView.swift */; };
		BA28F18B2B6155BD0052855E /* ProductInfoView.swift in Sources */ = {isa = PBXBuildFile; fileRef = BA28F18A2B6155BD0052855E /* ProductInfoView.swift */; };
		BA28F18E2B6156420052855E /* SettingsView.swift in Sources */ = {isa = PBXBuildFile; fileRef = BA28F18D2B6156420052855E /* SettingsView.swift */; };
		BA28F19D2B61572A0052855E /* Pretendard-Bold.otf in Resources */ = {isa = PBXBuildFile; fileRef = BA28F1932B61572A0052855E /* Pretendard-Bold.otf */; };
		BA28F19E2B61572A0052855E /* Pretendard-SemiBold.otf in Resources */ = {isa = PBXBuildFile; fileRef = BA28F1942B61572A0052855E /* Pretendard-SemiBold.otf */; };
		BA28F1A02B61572A0052855E /* Pretendard-Regular.otf in Resources */ = {isa = PBXBuildFile; fileRef = BA28F1962B61572A0052855E /* Pretendard-Regular.otf */; };
		BA28F1A12B61572A0052855E /* Pretendard-Thin.otf in Resources */ = {isa = PBXBuildFile; fileRef = BA28F1972B61572A0052855E /* Pretendard-Thin.otf */; };
		BA28F1A22B61572A0052855E /* Pretendard-Medium.otf in Resources */ = {isa = PBXBuildFile; fileRef = BA28F1982B61572A0052855E /* Pretendard-Medium.otf */; };
		BA28F1A32B61572A0052855E /* Pretendard-ExtraLight.otf in Resources */ = {isa = PBXBuildFile; fileRef = BA28F1992B61572A0052855E /* Pretendard-ExtraLight.otf */; };
		BA28F1A42B61572A0052855E /* Pretendard-ExtraBold.otf in Resources */ = {isa = PBXBuildFile; fileRef = BA28F19A2B61572A0052855E /* Pretendard-ExtraBold.otf */; };
		BA28F1A52B61572A0052855E /* Pretendard-Light.otf in Resources */ = {isa = PBXBuildFile; fileRef = BA28F19B2B61572A0052855E /* Pretendard-Light.otf */; };
		BA28F1A62B61572A0052855E /* Pretendard-Black.otf in Resources */ = {isa = PBXBuildFile; fileRef = BA28F19C2B61572A0052855E /* Pretendard-Black.otf */; };
		BA402F7E2B85E31800E86AAD /* ConvenienceSelectBottomSheetView.swift in Sources */ = {isa = PBXBuildFile; fileRef = BA402F7D2B85E31800E86AAD /* ConvenienceSelectBottomSheetView.swift */; };
		BA4EA3602B6A37E10003DCE7 /* Entity in Frameworks */ = {isa = PBXBuildFile; productRef = BA4EA35F2B6A37E10003DCE7 /* Entity */; };
		BA4FB9C52BA1BC5B00ED03C4 /* NoticeAPI in Frameworks */ = {isa = PBXBuildFile; productRef = BA4FB9C42BA1BC5B00ED03C4 /* NoticeAPI */; };
		BA4FB9C72BA1BC5B00ED03C4 /* NoticeAPISupport in Frameworks */ = {isa = PBXBuildFile; productRef = BA4FB9C62BA1BC5B00ED03C4 /* NoticeAPISupport */; };
		BA5E51932B9AC8510036209A /* NoticeDetailView.swift in Sources */ = {isa = PBXBuildFile; fileRef = BA5E51922B9AC8510036209A /* NoticeDetailView.swift */; };
		BA849A342B8F4F36004495BF /* ProductConfiguration.swift in Sources */ = {isa = PBXBuildFile; fileRef = BA8E83232B8EF83B00FE968C /* ProductConfiguration.swift */; };
		BA849A372B8F4FC0004495BF /* MockPaginatable.swift in Sources */ = {isa = PBXBuildFile; fileRef = BA849A362B8F4FC0004495BF /* MockPaginatable.swift */; };
		BA8E83242B8EF83B00FE968C /* ProductConfiguration.swift in Sources */ = {isa = PBXBuildFile; fileRef = BA8E83232B8EF83B00FE968C /* ProductConfiguration.swift */; };
		BAA4D9AD2B5A1795005999F8 /* PyeonHaengApp.swift in Sources */ = {isa = PBXBuildFile; fileRef = BAA4D9AC2B5A1795005999F8 /* PyeonHaengApp.swift */; };
		BAA4D9AF2B5A1795005999F8 /* SplashView.swift in Sources */ = {isa = PBXBuildFile; fileRef = BAA4D9AE2B5A1795005999F8 /* SplashView.swift */; };
		BAA4D9B12B5A1796005999F8 /* Assets.xcassets in Resources */ = {isa = PBXBuildFile; fileRef = BAA4D9B02B5A1796005999F8 /* Assets.xcassets */; };
		BAA4D9B42B5A1796005999F8 /* Preview Assets.xcassets in Resources */ = {isa = PBXBuildFile; fileRef = BAA4D9B32B5A1796005999F8 /* Preview Assets.xcassets */; };
		BAB569612B639F3000D1E0F9 /* DesignSystem in Frameworks */ = {isa = PBXBuildFile; productRef = BAB569602B639F3000D1E0F9 /* DesignSystem */; };
		BAB5CF252B6B7C5A008B24BF /* Services.swift in Sources */ = {isa = PBXBuildFile; fileRef = BAB5CF242B6B7C5A008B24BF /* Services.swift */; };
		BAB5CF272B6B7CF3008B24BF /* HomeViewModel.swift in Sources */ = {isa = PBXBuildFile; fileRef = BAB5CF262B6B7CF3008B24BF /* HomeViewModel.swift */; };
		BAB720342B9325F200C2CA1A /* PromotionSelectBottomSheetView.swift in Sources */ = {isa = PBXBuildFile; fileRef = BAB720332B9325F200C2CA1A /* PromotionSelectBottomSheetView.swift */; };
		BAE159D82B65FA6F002DCF94 /* HomeProductDetailSelectionView.swift in Sources */ = {isa = PBXBuildFile; fileRef = BAE159D72B65FA6F002DCF94 /* HomeProductDetailSelectionView.swift */; };
		BAE159DA2B65FC35002DCF94 /* HomeProductListView.swift in Sources */ = {isa = PBXBuildFile; fileRef = BAE159D92B65FC35002DCF94 /* HomeProductListView.swift */; };
		BAE159DE2B663A9A002DCF94 /* HomeProductSorterView.swift in Sources */ = {isa = PBXBuildFile; fileRef = BAE159DD2B663A9A002DCF94 /* HomeProductSorterView.swift */; };
		BAE7A1E62B9D7CA70022FEBB /* MailRowItem.swift in Sources */ = {isa = PBXBuildFile; fileRef = BAE7A1E52B9D7CA70022FEBB /* MailRowItem.swift */; };
		BAE7A1E82B9DA0360022FEBB /* DeviceProvider.swift in Sources */ = {isa = PBXBuildFile; fileRef = BAE7A1E72B9DA0360022FEBB /* DeviceProvider.swift */; };
		BAE7A1EA2B9DA4960022FEBB /* MockDeviceInformationProvider.swift in Sources */ = {isa = PBXBuildFile; fileRef = BAE7A1E92B9DA4960022FEBB /* MockDeviceInformationProvider.swift */; };
		BAE7A1EB2B9DA4A50022FEBB /* DeviceProvider.swift in Sources */ = {isa = PBXBuildFile; fileRef = BAE7A1E72B9DA0360022FEBB /* DeviceProvider.swift */; };
		BAE7A1ED2B9DA5090022FEBB /* DeviceInformationProviderTests.swift in Sources */ = {isa = PBXBuildFile; fileRef = BAE7A1EC2B9DA5090022FEBB /* DeviceInformationProviderTests.swift */; };
		BAF2BEB32B61236100931AF0 /* Localizable.xcstrings in Resources */ = {isa = PBXBuildFile; fileRef = BAF2BEB22B61236100931AF0 /* Localizable.xcstrings */; };
		E50176262B6A204F0098D1BE /* ProductInfoLineGraphView.swift in Sources */ = {isa = PBXBuildFile; fileRef = E50176252B6A204F0098D1BE /* ProductInfoLineGraphView.swift */; };
		E5028D5C2B96BA9400B36C16 /* SearchView.swift in Sources */ = {isa = PBXBuildFile; fileRef = BA28F1902B61566E0052855E /* SearchView.swift */; };
		E5028D5D2B96BA9F00B36C16 /* ProductInfoDetailView.swift in Sources */ = {isa = PBXBuildFile; fileRef = E5F2EC3F2B637D4A00EE0838 /* ProductInfoDetailView.swift */; };
		E50584532B763C8C002FDACF /* ProductInfoViewModel.swift in Sources */ = {isa = PBXBuildFile; fileRef = E50584522B763C8C002FDACF /* ProductInfoViewModel.swift */; };
		E52F371B2B947DC8000EBAD5 /* SearchViewModel.swift in Sources */ = {isa = PBXBuildFile; fileRef = E52F371A2B947DC8000EBAD5 /* SearchViewModel.swift */; };
		E52F371D2B94D239000EBAD5 /* SearchViewComponent.swift in Sources */ = {isa = PBXBuildFile; fileRef = E52F371C2B94D239000EBAD5 /* SearchViewComponent.swift */; };
		E5462C662B65677B00E9FDF2 /* PromotionTag.swift in Sources */ = {isa = PBXBuildFile; fileRef = E5462C652B65677B00E9FDF2 /* PromotionTag.swift */; };
		E55DD5122B91DE9500AA63C0 /* SearchListCardView.swift in Sources */ = {isa = PBXBuildFile; fileRef = E55DD5112B91DE9500AA63C0 /* SearchListCardView.swift */; };
		E55DD5182B9370D100AA63C0 /* SearchAPI in Frameworks */ = {isa = PBXBuildFile; productRef = E55DD5172B9370D100AA63C0 /* SearchAPI */; };
		E55DD51A2B9370D100AA63C0 /* SearchAPISupport in Frameworks */ = {isa = PBXBuildFile; productRef = E55DD5192B9370D100AA63C0 /* SearchAPISupport */; };
		E57654D92B90D78900E92F3A /* Shared in Resources */ = {isa = PBXBuildFile; fileRef = BABFEA6F2B6399C30084C0EC /* Shared */; };
		E57F2AA42B7717EA00E12B3D /* ProductInfoAPI in Frameworks */ = {isa = PBXBuildFile; productRef = E57F2AA32B7717EA00E12B3D /* ProductInfoAPI */; settings = {ATTRIBUTES = (Required, ); }; };
		E57F2AA62B7717EA00E12B3D /* ProductInfoAPISupport in Frameworks */ = {isa = PBXBuildFile; productRef = E57F2AA52B7717EA00E12B3D /* ProductInfoAPISupport */; };
		E57F2AA82B774CA700E12B3D /* ProductInfoDependency.swift in Sources */ = {isa = PBXBuildFile; fileRef = E57F2AA72B774CA700E12B3D /* ProductInfoDependency.swift */; };
		E5DB08EB2BA7EC7000E83910 /* OnboardingPage.swift in Sources */ = {isa = PBXBuildFile; fileRef = E5DB08EA2BA7EC7000E83910 /* OnboardingPage.swift */; };
		E5F2EC452B64926100EE0838 /* PromotionTagView.swift in Sources */ = {isa = PBXBuildFile; fileRef = E5F2EC442B64926100EE0838 /* PromotionTagView.swift */; };
/* End PBXBuildFile section */

/* Begin PBXContainerItemProxy section */
		BA28F17D2B6155450052855E /* PBXContainerItemProxy */ = {
			isa = PBXContainerItemProxy;
			containerPortal = BAA4D9A12B5A1795005999F8 /* Project object */;
			proxyType = 1;
			remoteGlobalIDString = BAA4D9A82B5A1795005999F8;
			remoteInfo = "PyeonHaeng-iOS";
		};
/* End PBXContainerItemProxy section */

/* Begin PBXFileReference section */
		9CE4B4742B6F78E8002DC446 /* OnboardingPageControl.swift */ = {isa = PBXFileReference; lastKnownFileType = sourcecode.swift; path = OnboardingPageControl.swift; sourceTree = "<group>"; };
		BA0564022B62179A003D6DC7 /* Core */ = {isa = PBXFileReference; lastKnownFileType = wrapper; path = Core; sourceTree = "<group>"; };
		BA0564032B6219D4003D6DC7 /* APIService */ = {isa = PBXFileReference; lastKnownFileType = wrapper; path = APIService; sourceTree = "<group>"; };
		BA0564052B624646003D6DC7 /* Shared.xcconfig */ = {isa = PBXFileReference; fileEncoding = 4; lastKnownFileType = text.xcconfig; name = Shared.xcconfig; path = XCConfig/Shared.xcconfig; sourceTree = SOURCE_ROOT; };
		BA097F0D2B9CA82A002D3E1E /* MailSheetView.swift */ = {isa = PBXFileReference; lastKnownFileType = sourcecode.swift; path = MailSheetView.swift; sourceTree = "<group>"; };
		BA1688DF2B99B85500A8F462 /* NoticeView.swift */ = {isa = PBXFileReference; lastKnownFileType = sourcecode.swift; path = NoticeView.swift; sourceTree = "<group>"; };
		BA1989752BA9536A0083B4BE /* NoticeViewModel.swift */ = {isa = PBXFileReference; lastKnownFileType = sourcecode.swift; path = NoticeViewModel.swift; sourceTree = "<group>"; };
		BA1989792BA95C040083B4BE /* NoticeConfiguration.swift */ = {isa = PBXFileReference; lastKnownFileType = sourcecode.swift; path = NoticeConfiguration.swift; sourceTree = "<group>"; };
		BA19897B2BA95E8C0083B4BE /* DIContainer.swift */ = {isa = PBXFileReference; lastKnownFileType = sourcecode.swift; path = DIContainer.swift; sourceTree = "<group>"; };
		BA28F1792B6155450052855E /* PyeonHaeng-iOSTests.xctest */ = {isa = PBXFileReference; explicitFileType = wrapper.cfbundle; includeInIndex = 0; path = "PyeonHaeng-iOSTests.xctest"; sourceTree = BUILT_PRODUCTS_DIR; };
		BA28F17B2B6155450052855E /* ProductConfigurationTests.swift */ = {isa = PBXFileReference; lastKnownFileType = sourcecode.swift; path = ProductConfigurationTests.swift; sourceTree = "<group>"; };
		BA28F1842B6155810052855E /* OnboardingView.swift */ = {isa = PBXFileReference; lastKnownFileType = sourcecode.swift; path = OnboardingView.swift; sourceTree = "<group>"; };
		BA28F1872B6155910052855E /* HomeView.swift */ = {isa = PBXFileReference; lastKnownFileType = sourcecode.swift; path = HomeView.swift; sourceTree = "<group>"; };
		BA28F18A2B6155BD0052855E /* ProductInfoView.swift */ = {isa = PBXFileReference; lastKnownFileType = sourcecode.swift; path = ProductInfoView.swift; sourceTree = "<group>"; };
		BA28F18D2B6156420052855E /* SettingsView.swift */ = {isa = PBXFileReference; lastKnownFileType = sourcecode.swift; path = SettingsView.swift; sourceTree = "<group>"; };
		BA28F1902B61566E0052855E /* SearchView.swift */ = {isa = PBXFileReference; lastKnownFileType = sourcecode.swift; path = SearchView.swift; sourceTree = "<group>"; };
		BA28F1932B61572A0052855E /* Pretendard-Bold.otf */ = {isa = PBXFileReference; lastKnownFileType = file; path = "Pretendard-Bold.otf"; sourceTree = "<group>"; };
		BA28F1942B61572A0052855E /* Pretendard-SemiBold.otf */ = {isa = PBXFileReference; lastKnownFileType = file; path = "Pretendard-SemiBold.otf"; sourceTree = "<group>"; };
		BA28F1962B61572A0052855E /* Pretendard-Regular.otf */ = {isa = PBXFileReference; lastKnownFileType = file; path = "Pretendard-Regular.otf"; sourceTree = "<group>"; };
		BA28F1972B61572A0052855E /* Pretendard-Thin.otf */ = {isa = PBXFileReference; lastKnownFileType = file; path = "Pretendard-Thin.otf"; sourceTree = "<group>"; };
		BA28F1982B61572A0052855E /* Pretendard-Medium.otf */ = {isa = PBXFileReference; lastKnownFileType = file; path = "Pretendard-Medium.otf"; sourceTree = "<group>"; };
		BA28F1992B61572A0052855E /* Pretendard-ExtraLight.otf */ = {isa = PBXFileReference; lastKnownFileType = file; path = "Pretendard-ExtraLight.otf"; sourceTree = "<group>"; };
		BA28F19A2B61572A0052855E /* Pretendard-ExtraBold.otf */ = {isa = PBXFileReference; lastKnownFileType = file; path = "Pretendard-ExtraBold.otf"; sourceTree = "<group>"; };
		BA28F19B2B61572A0052855E /* Pretendard-Light.otf */ = {isa = PBXFileReference; lastKnownFileType = file; path = "Pretendard-Light.otf"; sourceTree = "<group>"; };
		BA28F19C2B61572A0052855E /* Pretendard-Black.otf */ = {isa = PBXFileReference; lastKnownFileType = file; path = "Pretendard-Black.otf"; sourceTree = "<group>"; };
		BA28F1A72B6157E90052855E /* Info.plist */ = {isa = PBXFileReference; lastKnownFileType = text.plist.xml; path = Info.plist; sourceTree = "<group>"; };
		BA402F7D2B85E31800E86AAD /* ConvenienceSelectBottomSheetView.swift */ = {isa = PBXFileReference; lastKnownFileType = sourcecode.swift; path = ConvenienceSelectBottomSheetView.swift; sourceTree = "<group>"; };
		BA4EA35A2B6A00F70003DCE7 /* Entity */ = {isa = PBXFileReference; lastKnownFileType = wrapper; path = Entity; sourceTree = "<group>"; };
		BA5E51922B9AC8510036209A /* NoticeDetailView.swift */ = {isa = PBXFileReference; lastKnownFileType = sourcecode.swift; path = NoticeDetailView.swift; sourceTree = "<group>"; };
		BA849A362B8F4FC0004495BF /* MockPaginatable.swift */ = {isa = PBXFileReference; lastKnownFileType = sourcecode.swift; path = MockPaginatable.swift; sourceTree = "<group>"; };
		BA8E83232B8EF83B00FE968C /* ProductConfiguration.swift */ = {isa = PBXFileReference; lastKnownFileType = sourcecode.swift; path = ProductConfiguration.swift; sourceTree = "<group>"; };
		BAA4D9A92B5A1795005999F8 /* PyeonHaeng-iOS.app */ = {isa = PBXFileReference; explicitFileType = wrapper.application; includeInIndex = 0; path = "PyeonHaeng-iOS.app"; sourceTree = BUILT_PRODUCTS_DIR; };
		BAA4D9AC2B5A1795005999F8 /* PyeonHaengApp.swift */ = {isa = PBXFileReference; lastKnownFileType = sourcecode.swift; path = PyeonHaengApp.swift; sourceTree = "<group>"; };
		BAA4D9AE2B5A1795005999F8 /* SplashView.swift */ = {isa = PBXFileReference; lastKnownFileType = sourcecode.swift; path = SplashView.swift; sourceTree = "<group>"; };
		BAA4D9B02B5A1796005999F8 /* Assets.xcassets */ = {isa = PBXFileReference; lastKnownFileType = folder.assetcatalog; path = Assets.xcassets; sourceTree = "<group>"; };
		BAA4D9B32B5A1796005999F8 /* Preview Assets.xcassets */ = {isa = PBXFileReference; lastKnownFileType = folder.assetcatalog; path = "Preview Assets.xcassets"; sourceTree = "<group>"; };
		BAB5CF242B6B7C5A008B24BF /* Services.swift */ = {isa = PBXFileReference; lastKnownFileType = sourcecode.swift; path = Services.swift; sourceTree = "<group>"; };
		BAB5CF262B6B7CF3008B24BF /* HomeViewModel.swift */ = {isa = PBXFileReference; lastKnownFileType = sourcecode.swift; path = HomeViewModel.swift; sourceTree = "<group>"; };
		BAB720332B9325F200C2CA1A /* PromotionSelectBottomSheetView.swift */ = {isa = PBXFileReference; lastKnownFileType = sourcecode.swift; path = PromotionSelectBottomSheetView.swift; sourceTree = "<group>"; };
		BABFEA6F2B6399C30084C0EC /* Shared */ = {isa = PBXFileReference; lastKnownFileType = wrapper; path = Shared; sourceTree = "<group>"; };
		BAE159D72B65FA6F002DCF94 /* HomeProductDetailSelectionView.swift */ = {isa = PBXFileReference; lastKnownFileType = sourcecode.swift; path = HomeProductDetailSelectionView.swift; sourceTree = "<group>"; };
		BAE159D92B65FC35002DCF94 /* HomeProductListView.swift */ = {isa = PBXFileReference; lastKnownFileType = sourcecode.swift; path = HomeProductListView.swift; sourceTree = "<group>"; };
		BAE159DD2B663A9A002DCF94 /* HomeProductSorterView.swift */ = {isa = PBXFileReference; lastKnownFileType = sourcecode.swift; path = HomeProductSorterView.swift; sourceTree = "<group>"; };
		BAE7A1E52B9D7CA70022FEBB /* MailRowItem.swift */ = {isa = PBXFileReference; lastKnownFileType = sourcecode.swift; path = MailRowItem.swift; sourceTree = "<group>"; };
		BAE7A1E72B9DA0360022FEBB /* DeviceProvider.swift */ = {isa = PBXFileReference; lastKnownFileType = sourcecode.swift; path = DeviceProvider.swift; sourceTree = "<group>"; };
		BAE7A1E92B9DA4960022FEBB /* MockDeviceInformationProvider.swift */ = {isa = PBXFileReference; lastKnownFileType = sourcecode.swift; path = MockDeviceInformationProvider.swift; sourceTree = "<group>"; };
		BAE7A1EC2B9DA5090022FEBB /* DeviceInformationProviderTests.swift */ = {isa = PBXFileReference; lastKnownFileType = sourcecode.swift; path = DeviceInformationProviderTests.swift; sourceTree = "<group>"; };
		BAF2BEB22B61236100931AF0 /* Localizable.xcstrings */ = {isa = PBXFileReference; lastKnownFileType = text.json.xcstrings; path = Localizable.xcstrings; sourceTree = "<group>"; };
		E50176252B6A204F0098D1BE /* ProductInfoLineGraphView.swift */ = {isa = PBXFileReference; lastKnownFileType = sourcecode.swift; path = ProductInfoLineGraphView.swift; sourceTree = "<group>"; };
		E50584522B763C8C002FDACF /* ProductInfoViewModel.swift */ = {isa = PBXFileReference; lastKnownFileType = sourcecode.swift; path = ProductInfoViewModel.swift; sourceTree = "<group>"; };
		E52F371A2B947DC8000EBAD5 /* SearchViewModel.swift */ = {isa = PBXFileReference; lastKnownFileType = sourcecode.swift; path = SearchViewModel.swift; sourceTree = "<group>"; };
		E52F371C2B94D239000EBAD5 /* SearchViewComponent.swift */ = {isa = PBXFileReference; lastKnownFileType = sourcecode.swift; path = SearchViewComponent.swift; sourceTree = "<group>"; };
		E5462C652B65677B00E9FDF2 /* PromotionTag.swift */ = {isa = PBXFileReference; lastKnownFileType = sourcecode.swift; path = PromotionTag.swift; sourceTree = "<group>"; };
		E55DD5112B91DE9500AA63C0 /* SearchListCardView.swift */ = {isa = PBXFileReference; lastKnownFileType = sourcecode.swift; path = SearchListCardView.swift; sourceTree = "<group>"; };
		E57F2AA72B774CA700E12B3D /* ProductInfoDependency.swift */ = {isa = PBXFileReference; lastKnownFileType = sourcecode.swift; path = ProductInfoDependency.swift; sourceTree = "<group>"; };
		E5DB08EA2BA7EC7000E83910 /* OnboardingPage.swift */ = {isa = PBXFileReference; lastKnownFileType = sourcecode.swift; path = OnboardingPage.swift; sourceTree = "<group>"; };
		E5F2EC3F2B637D4A00EE0838 /* ProductInfoDetailView.swift */ = {isa = PBXFileReference; lastKnownFileType = sourcecode.swift; path = ProductInfoDetailView.swift; sourceTree = "<group>"; };
		E5F2EC442B64926100EE0838 /* PromotionTagView.swift */ = {isa = PBXFileReference; lastKnownFileType = sourcecode.swift; path = PromotionTagView.swift; sourceTree = "<group>"; };
/* End PBXFileReference section */

/* Begin PBXFrameworksBuildPhase section */
		BA28F1762B6155450052855E /* Frameworks */ = {
			isa = PBXFrameworksBuildPhase;
			buildActionMask = 2147483647;
			files = (
			);
			runOnlyForDeploymentPostprocessing = 0;
		};
		BAA4D9A62B5A1795005999F8 /* Frameworks */ = {
			isa = PBXFrameworksBuildPhase;
			buildActionMask = 2147483647;
			files = (
				BA05640D2B6248EA003D6DC7 /* Network in Frameworks */,
				BA4FB9C72BA1BC5B00ED03C4 /* NoticeAPISupport in Frameworks */,
				E57F2AA62B7717EA00E12B3D /* ProductInfoAPISupport in Frameworks */,
				E57F2AA42B7717EA00E12B3D /* ProductInfoAPI in Frameworks */,
				BA4FB9C52BA1BC5B00ED03C4 /* NoticeAPI in Frameworks */,
				BA4EA3602B6A37E10003DCE7 /* Entity in Frameworks */,
				BA05640B2B6248EA003D6DC7 /* HomeAPISupport in Frameworks */,
				BA0623D82B68E51400A0A3B2 /* Log in Frameworks */,
				BA0564092B6248EA003D6DC7 /* HomeAPI in Frameworks */,
				BAB569612B639F3000D1E0F9 /* DesignSystem in Frameworks */,
				E55DD5182B9370D100AA63C0 /* SearchAPI in Frameworks */,
				E55DD51A2B9370D100AA63C0 /* SearchAPISupport in Frameworks */,
			);
			runOnlyForDeploymentPostprocessing = 0;
		};
/* End PBXFrameworksBuildPhase section */

/* Begin PBXGroup section */
		BA0564042B624629003D6DC7 /* XCConfig */ = {
			isa = PBXGroup;
			children = (
				BA0564052B624646003D6DC7 /* Shared.xcconfig */,
			);
			name = XCConfig;
			path = "PyeonHaeng-iOS/XCConfig";
			sourceTree = "<group>";
		};
		BA097F0C2B9CA820002D3E1E /* Mail */ = {
			isa = PBXGroup;
			children = (
				BA097F0D2B9CA82A002D3E1E /* MailSheetView.swift */,
				BAE7A1E52B9D7CA70022FEBB /* MailRowItem.swift */,
				BAE7A1E72B9DA0360022FEBB /* DeviceProvider.swift */,
			);
			path = Mail;
			sourceTree = "<group>";
		};
		BA1688EB2B99D0B700A8F462 /* Notice */ = {
			isa = PBXGroup;
			children = (
				BA1989782BA953800083B4BE /* View */,
				BA1989772BA9537B0083B4BE /* ViewModel */,
			);
			path = Notice;
			sourceTree = "<group>";
		};
		BA1989772BA9537B0083B4BE /* ViewModel */ = {
			isa = PBXGroup;
			children = (
				BA1989752BA9536A0083B4BE /* NoticeViewModel.swift */,
				BA1989792BA95C040083B4BE /* NoticeConfiguration.swift */,
			);
			path = ViewModel;
			sourceTree = "<group>";
		};
		BA1989782BA953800083B4BE /* View */ = {
			isa = PBXGroup;
			children = (
				BA1688DF2B99B85500A8F462 /* NoticeView.swift */,
				BA5E51922B9AC8510036209A /* NoticeDetailView.swift */,
			);
			path = View;
			sourceTree = "<group>";
		};
		BA28F1702B6152E90052855E /* Resources */ = {
			isa = PBXGroup;
			children = (
				BA28F1A72B6157E90052855E /* Info.plist */,
				BAA4D9B02B5A1796005999F8 /* Assets.xcassets */,
				BAF2BEB22B61236100931AF0 /* Localizable.xcstrings */,
				BA28F1922B6157140052855E /* Fonts */,
			);
			path = Resources;
			sourceTree = "<group>";
		};
		BA28F1712B6152EE0052855E /* Sources */ = {
			isa = PBXGroup;
			children = (
				E5462C652B65677B00E9FDF2 /* PromotionTag.swift */,
				BAA4D9AC2B5A1795005999F8 /* PyeonHaengApp.swift */,
				BA19897B2BA95E8C0083B4BE /* DIContainer.swift */,
				BAB5CF242B6B7C5A008B24BF /* Services.swift */,
				E5462C6B2B65CF7800E9FDF2 /* Components */,
				BA28F1722B61532C0052855E /* Scenes */,
			);
			path = Sources;
			sourceTree = "<group>";
		};
		BA28F1722B61532C0052855E /* Scenes */ = {
			isa = PBXGroup;
			children = (
				BA28F1862B61558C0052855E /* HomeScene */,
				BA28F1832B6155710052855E /* OnboardingScene */,
				BA28F1892B6155940052855E /* ProductInfoScene */,
				BA28F18F2B61565F0052855E /* ProductSearchScene */,
				BA28F18C2B6155EC0052855E /* SettingsScene */,
				BA28F1822B61556A0052855E /* SplashScene */,
			);
			path = Scenes;
			sourceTree = "<group>";
		};
		BA28F17A2B6155450052855E /* PyeonHaeng-iOSTests */ = {
			isa = PBXGroup;
			children = (
				BA849A352B8F4FB0004495BF /* Mocks */,
				BA28F17B2B6155450052855E /* ProductConfigurationTests.swift */,
				BAE7A1EC2B9DA5090022FEBB /* DeviceInformationProviderTests.swift */,
			);
			path = "PyeonHaeng-iOSTests";
			sourceTree = "<group>";
		};
		BA28F1822B61556A0052855E /* SplashScene */ = {
			isa = PBXGroup;
			children = (
				BAA4D9AE2B5A1795005999F8 /* SplashView.swift */,
			);
			path = SplashScene;
			sourceTree = "<group>";
		};
		BA28F1832B6155710052855E /* OnboardingScene */ = {
			isa = PBXGroup;
			children = (
				BA28F1842B6155810052855E /* OnboardingView.swift */,
				9CE4B4742B6F78E8002DC446 /* OnboardingPageControl.swift */,
				E5DB08EA2BA7EC7000E83910 /* OnboardingPage.swift */,
			);
			path = OnboardingScene;
			sourceTree = "<group>";
		};
		BA28F1862B61558C0052855E /* HomeScene */ = {
			isa = PBXGroup;
			children = (
				BA402F7C2B85E2DE00E86AAD /* BottomSheet */,
				BAAB925C2B8DF279007F757D /* View */,
				BAAB925B2B8DF271007F757D /* ViewModel */,
			);
			path = HomeScene;
			sourceTree = "<group>";
		};
		BA28F1892B6155940052855E /* ProductInfoScene */ = {
			isa = PBXGroup;
			children = (
				E57F2AA72B774CA700E12B3D /* ProductInfoDependency.swift */,
				BA28F18A2B6155BD0052855E /* ProductInfoView.swift */,
				E50584522B763C8C002FDACF /* ProductInfoViewModel.swift */,
				E5F2EC3F2B637D4A00EE0838 /* ProductInfoDetailView.swift */,
				E50176252B6A204F0098D1BE /* ProductInfoLineGraphView.swift */,
			);
			path = ProductInfoScene;
			sourceTree = "<group>";
		};
		BA28F18C2B6155EC0052855E /* SettingsScene */ = {
			isa = PBXGroup;
			children = (
				BA097F0C2B9CA820002D3E1E /* Mail */,
				BA1688EB2B99D0B700A8F462 /* Notice */,
				BA28F18D2B6156420052855E /* SettingsView.swift */,
			);
			path = SettingsScene;
			sourceTree = "<group>";
		};
		BA28F18F2B61565F0052855E /* ProductSearchScene */ = {
			isa = PBXGroup;
			children = (
				E52F371C2B94D239000EBAD5 /* SearchViewComponent.swift */,
				BA28F1902B61566E0052855E /* SearchView.swift */,
				E52F371A2B947DC8000EBAD5 /* SearchViewModel.swift */,
				E55DD5112B91DE9500AA63C0 /* SearchListCardView.swift */,
			);
			path = ProductSearchScene;
			sourceTree = "<group>";
		};
		BA28F1922B6157140052855E /* Fonts */ = {
			isa = PBXGroup;
			children = (
				BA28F19C2B61572A0052855E /* Pretendard-Black.otf */,
				BA28F1932B61572A0052855E /* Pretendard-Bold.otf */,
				BA28F19A2B61572A0052855E /* Pretendard-ExtraBold.otf */,
				BA28F1992B61572A0052855E /* Pretendard-ExtraLight.otf */,
				BA28F19B2B61572A0052855E /* Pretendard-Light.otf */,
				BA28F1982B61572A0052855E /* Pretendard-Medium.otf */,
				BA28F1962B61572A0052855E /* Pretendard-Regular.otf */,
				BA28F1942B61572A0052855E /* Pretendard-SemiBold.otf */,
				BA28F1972B61572A0052855E /* Pretendard-Thin.otf */,
			);
			path = Fonts;
			sourceTree = "<group>";
		};
		BA402F7C2B85E2DE00E86AAD /* BottomSheet */ = {
			isa = PBXGroup;
			children = (
				BA402F7D2B85E31800E86AAD /* ConvenienceSelectBottomSheetView.swift */,
				BAB720332B9325F200C2CA1A /* PromotionSelectBottomSheetView.swift */,
			);
			path = BottomSheet;
			sourceTree = "<group>";
		};
		BA4FB9C32BA1BC5B00ED03C4 /* Frameworks */ = {
			isa = PBXGroup;
			children = (
			);
			name = Frameworks;
			sourceTree = "<group>";
		};
		BA849A352B8F4FB0004495BF /* Mocks */ = {
			isa = PBXGroup;
			children = (
				BA849A362B8F4FC0004495BF /* MockPaginatable.swift */,
				BAE7A1E92B9DA4960022FEBB /* MockDeviceInformationProvider.swift */,
			);
			path = Mocks;
			sourceTree = "<group>";
		};
		BAA4D9A02B5A1795005999F8 = {
			isa = PBXGroup;
			children = (
				BA4EA35A2B6A00F70003DCE7 /* Entity */,
				BABFEA6F2B6399C30084C0EC /* Shared */,
				BA0564032B6219D4003D6DC7 /* APIService */,
				BA0564022B62179A003D6DC7 /* Core */,
				BAA4D9AA2B5A1795005999F8 /* Products */,
				BAA4D9AB2B5A1795005999F8 /* PyeonHaeng-iOS */,
				BA28F17A2B6155450052855E /* PyeonHaeng-iOSTests */,
				BA0564042B624629003D6DC7 /* XCConfig */,
				BA4FB9C32BA1BC5B00ED03C4 /* Frameworks */,
			);
			sourceTree = "<group>";
		};
		BAA4D9AA2B5A1795005999F8 /* Products */ = {
			isa = PBXGroup;
			children = (
				BAA4D9A92B5A1795005999F8 /* PyeonHaeng-iOS.app */,
				BA28F1792B6155450052855E /* PyeonHaeng-iOSTests.xctest */,
			);
			name = Products;
			sourceTree = "<group>";
		};
		BAA4D9AB2B5A1795005999F8 /* PyeonHaeng-iOS */ = {
			isa = PBXGroup;
			children = (
				BAA4D9B22B5A1796005999F8 /* Preview Content */,
				BA28F1702B6152E90052855E /* Resources */,
				BA28F1712B6152EE0052855E /* Sources */,
			);
			path = "PyeonHaeng-iOS";
			sourceTree = "<group>";
		};
		BAA4D9B22B5A1796005999F8 /* Preview Content */ = {
			isa = PBXGroup;
			children = (
				BAA4D9B32B5A1796005999F8 /* Preview Assets.xcassets */,
			);
			path = "Preview Content";
			sourceTree = "<group>";
		};
		BAAB925B2B8DF271007F757D /* ViewModel */ = {
			isa = PBXGroup;
			children = (
				BAB5CF262B6B7CF3008B24BF /* HomeViewModel.swift */,
				BA8E83232B8EF83B00FE968C /* ProductConfiguration.swift */,
			);
			path = ViewModel;
			sourceTree = "<group>";
		};
		BAAB925C2B8DF279007F757D /* View */ = {
			isa = PBXGroup;
			children = (
				BAE159D72B65FA6F002DCF94 /* HomeProductDetailSelectionView.swift */,
				BAE159D92B65FC35002DCF94 /* HomeProductListView.swift */,
				BAE159DD2B663A9A002DCF94 /* HomeProductSorterView.swift */,
				BA28F1872B6155910052855E /* HomeView.swift */,
			);
			path = View;
			sourceTree = "<group>";
		};
		E5462C6B2B65CF7800E9FDF2 /* Components */ = {
			isa = PBXGroup;
			children = (
				E5F2EC442B64926100EE0838 /* PromotionTagView.swift */,
			);
			path = Components;
			sourceTree = "<group>";
		};
/* End PBXGroup section */

/* Begin PBXNativeTarget section */
		BA28F1782B6155450052855E /* PyeonHaeng-iOSTests */ = {
			isa = PBXNativeTarget;
			buildConfigurationList = BA28F17F2B6155450052855E /* Build configuration list for PBXNativeTarget "PyeonHaeng-iOSTests" */;
			buildPhases = (
				BA28F1752B6155450052855E /* Sources */,
				BA28F1762B6155450052855E /* Frameworks */,
				BA28F1772B6155450052855E /* Resources */,
			);
			buildRules = (
			);
			dependencies = (
				BA28F17E2B6155450052855E /* PBXTargetDependency */,
			);
			name = "PyeonHaeng-iOSTests";
			productName = "PyeonHaeng-iOSTests";
			productReference = BA28F1792B6155450052855E /* PyeonHaeng-iOSTests.xctest */;
			productType = "com.apple.product-type.bundle.unit-test";
		};
		BAA4D9A82B5A1795005999F8 /* PyeonHaeng-iOS */ = {
			isa = PBXNativeTarget;
			buildConfigurationList = BAA4D9B72B5A1796005999F8 /* Build configuration list for PBXNativeTarget "PyeonHaeng-iOS" */;
			buildPhases = (
				BAF2BEB42B61237600931AF0 /* SwiftFormat */,
				BAA4D9A52B5A1795005999F8 /* Sources */,
				BAA4D9A62B5A1795005999F8 /* Frameworks */,
				BAA4D9A72B5A1795005999F8 /* Resources */,
				BAF2BEB52B61237E00931AF0 /* SwiftLint */,
			);
			buildRules = (
			);
			dependencies = (
			);
			name = "PyeonHaeng-iOS";
			packageProductDependencies = (
				BA0564082B6248EA003D6DC7 /* HomeAPI */,
				BA05640A2B6248EA003D6DC7 /* HomeAPISupport */,
				BA05640C2B6248EA003D6DC7 /* Network */,
				BAB569602B639F3000D1E0F9 /* DesignSystem */,
				BA0623D72B68E51400A0A3B2 /* Log */,
				BA4EA35F2B6A37E10003DCE7 /* Entity */,
				E57F2AA32B7717EA00E12B3D /* ProductInfoAPI */,
				E57F2AA52B7717EA00E12B3D /* ProductInfoAPISupport */,
				E55DD5172B9370D100AA63C0 /* SearchAPI */,
				E55DD5192B9370D100AA63C0 /* SearchAPISupport */,
				BA4FB9C42BA1BC5B00ED03C4 /* NoticeAPI */,
				BA4FB9C62BA1BC5B00ED03C4 /* NoticeAPISupport */,
			);
			productName = "PyeonHaeng-iOS";
			productReference = BAA4D9A92B5A1795005999F8 /* PyeonHaeng-iOS.app */;
			productType = "com.apple.product-type.application";
		};
/* End PBXNativeTarget section */

/* Begin PBXProject section */
		BAA4D9A12B5A1795005999F8 /* Project object */ = {
			isa = PBXProject;
			attributes = {
				BuildIndependentTargetsInParallel = 1;
				LastSwiftUpdateCheck = 1520;
				LastUpgradeCheck = 1520;
				TargetAttributes = {
					BA28F1782B6155450052855E = {
						CreatedOnToolsVersion = 15.2;
						TestTargetID = BAA4D9A82B5A1795005999F8;
					};
					BAA4D9A82B5A1795005999F8 = {
						CreatedOnToolsVersion = 15.2;
					};
				};
			};
			buildConfigurationList = BAA4D9A42B5A1795005999F8 /* Build configuration list for PBXProject "PyeonHaeng-iOS" */;
			compatibilityVersion = "Xcode 14.0";
			developmentRegion = en;
			hasScannedForEncodings = 0;
			knownRegions = (
				en,
				Base,
				ko,
				ja,
			);
			mainGroup = BAA4D9A02B5A1795005999F8;
			productRefGroup = BAA4D9AA2B5A1795005999F8 /* Products */;
			projectDirPath = "";
			projectRoot = "";
			targets = (
				BAA4D9A82B5A1795005999F8 /* PyeonHaeng-iOS */,
				BA28F1782B6155450052855E /* PyeonHaeng-iOSTests */,
			);
		};
/* End PBXProject section */

/* Begin PBXResourcesBuildPhase section */
		BA28F1772B6155450052855E /* Resources */ = {
			isa = PBXResourcesBuildPhase;
			buildActionMask = 2147483647;
			files = (
			);
			runOnlyForDeploymentPostprocessing = 0;
		};
		BAA4D9A72B5A1795005999F8 /* Resources */ = {
			isa = PBXResourcesBuildPhase;
			buildActionMask = 2147483647;
			files = (
				E57654D92B90D78900E92F3A /* Shared in Resources */,
				BAA4D9B42B5A1796005999F8 /* Preview Assets.xcassets in Resources */,
				BA28F19D2B61572A0052855E /* Pretendard-Bold.otf in Resources */,
				BA28F1A32B61572A0052855E /* Pretendard-ExtraLight.otf in Resources */,
				BA28F19E2B61572A0052855E /* Pretendard-SemiBold.otf in Resources */,
				BA28F1A12B61572A0052855E /* Pretendard-Thin.otf in Resources */,
				BA28F1A62B61572A0052855E /* Pretendard-Black.otf in Resources */,
				BA28F1A52B61572A0052855E /* Pretendard-Light.otf in Resources */,
				BA28F1A42B61572A0052855E /* Pretendard-ExtraBold.otf in Resources */,
				BA28F1A02B61572A0052855E /* Pretendard-Regular.otf in Resources */,
				BAA4D9B12B5A1796005999F8 /* Assets.xcassets in Resources */,
				BA0564062B624646003D6DC7 /* Shared.xcconfig in Resources */,
				BAF2BEB32B61236100931AF0 /* Localizable.xcstrings in Resources */,
				BA28F1A22B61572A0052855E /* Pretendard-Medium.otf in Resources */,
			);
			runOnlyForDeploymentPostprocessing = 0;
		};
/* End PBXResourcesBuildPhase section */

/* Begin PBXShellScriptBuildPhase section */
		BAF2BEB42B61237600931AF0 /* SwiftFormat */ = {
			isa = PBXShellScriptBuildPhase;
			alwaysOutOfDate = 1;
			buildActionMask = 2147483647;
			files = (
			);
			inputFileListPaths = (
			);
			inputPaths = (
			);
			name = SwiftFormat;
			outputFileListPaths = (
			);
			outputPaths = (
			);
			runOnlyForDeploymentPostprocessing = 0;
			shellPath = /bin/sh;
			shellScript = "if [ \"$CONFIGURATION\" == \"Debug\" ]; then\n    export PATH=\"$PATH:/opt/homebrew/bin\"\n    if which swiftformat > /dev/null; then\n        if [ \"${ENABLE_PREVIEWS}\" = \"YES\" ]; then\n            echo \"Not running Swift Format for Xcode Previews\"\n            exit 0;\n        fi\n        swiftformat .\n    else\n        echo \"warning: SwiftFormat not installed, download from https://github.com/nicklockwood/SwiftFormat\"\n    fi\nfi\n";
		};
		BAF2BEB52B61237E00931AF0 /* SwiftLint */ = {
			isa = PBXShellScriptBuildPhase;
			alwaysOutOfDate = 1;
			buildActionMask = 2147483647;
			files = (
			);
			inputFileListPaths = (
			);
			inputPaths = (
			);
			name = SwiftLint;
			outputFileListPaths = (
			);
			outputPaths = (
			);
			runOnlyForDeploymentPostprocessing = 0;
			shellPath = /bin/sh;
			shellScript = "if [ \"$CONFIGURATION\" == \"Debug\" ]; then\n    export PATH=\"$PATH:/opt/homebrew/bin\"\n    if which swiftlint > /dev/null; then\n        swiftlint --config \"$SRCROOT/.swiftlint.yml\"\n        # swiftlint --fix && swiftlint\n    else\n        echo \"warning: SwiftLint not installed, download from https://github.com/realm/SwiftLint\"\n    fi\nfi\n";
		};
/* End PBXShellScriptBuildPhase section */

/* Begin PBXSourcesBuildPhase section */
		BA28F1752B6155450052855E /* Sources */ = {
			isa = PBXSourcesBuildPhase;
			buildActionMask = 2147483647;
			files = (
				BA849A372B8F4FC0004495BF /* MockPaginatable.swift in Sources */,
				BAE7A1EA2B9DA4960022FEBB /* MockDeviceInformationProvider.swift in Sources */,
				BA849A342B8F4F36004495BF /* ProductConfiguration.swift in Sources */,
				BA28F17C2B6155450052855E /* ProductConfigurationTests.swift in Sources */,
				BAE7A1EB2B9DA4A50022FEBB /* DeviceProvider.swift in Sources */,
				BAE7A1ED2B9DA5090022FEBB /* DeviceInformationProviderTests.swift in Sources */,
			);
			runOnlyForDeploymentPostprocessing = 0;
		};
		BAA4D9A52B5A1795005999F8 /* Sources */ = {
			isa = PBXSourcesBuildPhase;
			buildActionMask = 2147483647;
			files = (
				E5028D5D2B96BA9F00B36C16 /* ProductInfoDetailView.swift in Sources */,
				BA1989762BA9536A0083B4BE /* NoticeViewModel.swift in Sources */,
				BAE7A1E62B9D7CA70022FEBB /* MailRowItem.swift in Sources */,
				E5028D5C2B96BA9400B36C16 /* SearchView.swift in Sources */,
				BAE159DA2B65FC35002DCF94 /* HomeProductListView.swift in Sources */,
				BA5E51932B9AC8510036209A /* NoticeDetailView.swift in Sources */,
				BA402F7E2B85E31800E86AAD /* ConvenienceSelectBottomSheetView.swift in Sources */,
				BA19897C2BA95E8C0083B4BE /* DIContainer.swift in Sources */,
				BA28F1852B6155810052855E /* OnboardingView.swift in Sources */,
				BAB5CF272B6B7CF3008B24BF /* HomeViewModel.swift in Sources */,
				BA28F1882B6155910052855E /* HomeView.swift in Sources */,
				E5F2EC452B64926100EE0838 /* PromotionTagView.swift in Sources */,
				BA28F18B2B6155BD0052855E /* ProductInfoView.swift in Sources */,
				E5462C662B65677B00E9FDF2 /* PromotionTag.swift in Sources */,
				E50584532B763C8C002FDACF /* ProductInfoViewModel.swift in Sources */,
				BAB720342B9325F200C2CA1A /* PromotionSelectBottomSheetView.swift in Sources */,
				BA19897A2BA95C040083B4BE /* NoticeConfiguration.swift in Sources */,
				E5DB08EB2BA7EC7000E83910 /* OnboardingPage.swift in Sources */,
				9CE4B4752B6F78E8002DC446 /* OnboardingPageControl.swift in Sources */,
				BA28F18E2B6156420052855E /* SettingsView.swift in Sources */,
				E57F2AA82B774CA700E12B3D /* ProductInfoDependency.swift in Sources */,
				E55DD5122B91DE9500AA63C0 /* SearchListCardView.swift in Sources */,
				BA097F0E2B9CA82A002D3E1E /* MailSheetView.swift in Sources */,
				E52F371B2B947DC8000EBAD5 /* SearchViewModel.swift in Sources */,
				BAE159DE2B663A9A002DCF94 /* HomeProductSorterView.swift in Sources */,
				BA1688E02B99B85500A8F462 /* NoticeView.swift in Sources */,
				BAE159D82B65FA6F002DCF94 /* HomeProductDetailSelectionView.swift in Sources */,
				BAE7A1E82B9DA0360022FEBB /* DeviceProvider.swift in Sources */,
				E50176262B6A204F0098D1BE /* ProductInfoLineGraphView.swift in Sources */,
				BAB5CF252B6B7C5A008B24BF /* Services.swift in Sources */,
				BAA4D9AF2B5A1795005999F8 /* SplashView.swift in Sources */,
				BA8E83242B8EF83B00FE968C /* ProductConfiguration.swift in Sources */,
				BAA4D9AD2B5A1795005999F8 /* PyeonHaengApp.swift in Sources */,
				E52F371D2B94D239000EBAD5 /* SearchViewComponent.swift in Sources */,
			);
			runOnlyForDeploymentPostprocessing = 0;
		};
/* End PBXSourcesBuildPhase section */

/* Begin PBXTargetDependency section */
		BA28F17E2B6155450052855E /* PBXTargetDependency */ = {
			isa = PBXTargetDependency;
			target = BAA4D9A82B5A1795005999F8 /* PyeonHaeng-iOS */;
			targetProxy = BA28F17D2B6155450052855E /* PBXContainerItemProxy */;
		};
/* End PBXTargetDependency section */

/* Begin XCBuildConfiguration section */
		BA28F1802B6155450052855E /* Debug */ = {
			isa = XCBuildConfiguration;
			baseConfigurationReference = BA0564052B624646003D6DC7 /* Shared.xcconfig */;
			buildSettings = {
				BUNDLE_LOADER = "$(TEST_HOST)";
				CODE_SIGN_STYLE = Automatic;
				CURRENT_PROJECT_VERSION = 1;
				DEVELOPMENT_TEAM = 2ZQR76M3UH;
				GENERATE_INFOPLIST_FILE = YES;
				MARKETING_VERSION = 1.0;
				PRODUCT_BUNDLE_IDENTIFIER = "com.sfam.PyeonHaeng-iOSTests";
				PRODUCT_NAME = "$(TARGET_NAME)";
				SWIFT_EMIT_LOC_STRINGS = NO;
				SWIFT_VERSION = 5.0;
				TARGETED_DEVICE_FAMILY = "1,2";
				TEST_HOST = "$(BUILT_PRODUCTS_DIR)/PyeonHaeng-iOS.app/$(BUNDLE_EXECUTABLE_FOLDER_PATH)/PyeonHaeng-iOS";
			};
			name = Debug;
		};
		BA28F1812B6155450052855E /* Release */ = {
			isa = XCBuildConfiguration;
			baseConfigurationReference = BA0564052B624646003D6DC7 /* Shared.xcconfig */;
			buildSettings = {
				BUNDLE_LOADER = "$(TEST_HOST)";
				CODE_SIGN_STYLE = Automatic;
				CURRENT_PROJECT_VERSION = 1;
				DEVELOPMENT_TEAM = 2ZQR76M3UH;
				GENERATE_INFOPLIST_FILE = YES;
				MARKETING_VERSION = 1.0;
				PRODUCT_BUNDLE_IDENTIFIER = "com.sfam.PyeonHaeng-iOSTests";
				PRODUCT_NAME = "$(TARGET_NAME)";
				SWIFT_EMIT_LOC_STRINGS = NO;
				SWIFT_VERSION = 5.0;
				TARGETED_DEVICE_FAMILY = "1,2";
				TEST_HOST = "$(BUILT_PRODUCTS_DIR)/PyeonHaeng-iOS.app/$(BUNDLE_EXECUTABLE_FOLDER_PATH)/PyeonHaeng-iOS";
			};
			name = Release;
		};
		BAA4D9B52B5A1796005999F8 /* Debug */ = {
			isa = XCBuildConfiguration;
			baseConfigurationReference = BA0564052B624646003D6DC7 /* Shared.xcconfig */;
			buildSettings = {
				ALWAYS_SEARCH_USER_PATHS = NO;
				ASSETCATALOG_COMPILER_GENERATE_SWIFT_ASSET_SYMBOL_EXTENSIONS = YES;
				CLANG_ANALYZER_NONNULL = YES;
				CLANG_ANALYZER_NUMBER_OBJECT_CONVERSION = YES_AGGRESSIVE;
				CLANG_CXX_LANGUAGE_STANDARD = "gnu++20";
				CLANG_ENABLE_MODULES = YES;
				CLANG_ENABLE_OBJC_ARC = YES;
				CLANG_ENABLE_OBJC_WEAK = YES;
				CLANG_WARN_BLOCK_CAPTURE_AUTORELEASING = YES;
				CLANG_WARN_BOOL_CONVERSION = YES;
				CLANG_WARN_COMMA = YES;
				CLANG_WARN_CONSTANT_CONVERSION = YES;
				CLANG_WARN_DEPRECATED_OBJC_IMPLEMENTATIONS = YES;
				CLANG_WARN_DIRECT_OBJC_ISA_USAGE = YES_ERROR;
				CLANG_WARN_DOCUMENTATION_COMMENTS = YES;
				CLANG_WARN_EMPTY_BODY = YES;
				CLANG_WARN_ENUM_CONVERSION = YES;
				CLANG_WARN_INFINITE_RECURSION = YES;
				CLANG_WARN_INT_CONVERSION = YES;
				CLANG_WARN_NON_LITERAL_NULL_CONVERSION = YES;
				CLANG_WARN_OBJC_IMPLICIT_RETAIN_SELF = YES;
				CLANG_WARN_OBJC_LITERAL_CONVERSION = YES;
				CLANG_WARN_OBJC_ROOT_CLASS = YES_ERROR;
				CLANG_WARN_QUOTED_INCLUDE_IN_FRAMEWORK_HEADER = YES;
				CLANG_WARN_RANGE_LOOP_ANALYSIS = YES;
				CLANG_WARN_STRICT_PROTOTYPES = YES;
				CLANG_WARN_SUSPICIOUS_MOVE = YES;
				CLANG_WARN_UNGUARDED_AVAILABILITY = YES_AGGRESSIVE;
				CLANG_WARN_UNREACHABLE_CODE = YES;
				CLANG_WARN__DUPLICATE_METHOD_MATCH = YES;
				COPY_PHASE_STRIP = NO;
				DEBUG_INFORMATION_FORMAT = dwarf;
				ENABLE_STRICT_OBJC_MSGSEND = YES;
				ENABLE_TESTABILITY = YES;
				ENABLE_USER_SCRIPT_SANDBOXING = YES;
				GCC_C_LANGUAGE_STANDARD = gnu17;
				GCC_DYNAMIC_NO_PIC = NO;
				GCC_NO_COMMON_BLOCKS = YES;
				GCC_OPTIMIZATION_LEVEL = 0;
				GCC_PREPROCESSOR_DEFINITIONS = (
					"DEBUG=1",
					"$(inherited)",
				);
				GCC_WARN_64_TO_32_BIT_CONVERSION = YES;
				GCC_WARN_ABOUT_RETURN_TYPE = YES_ERROR;
				GCC_WARN_UNDECLARED_SELECTOR = YES;
				GCC_WARN_UNINITIALIZED_AUTOS = YES_AGGRESSIVE;
				GCC_WARN_UNUSED_FUNCTION = YES;
				GCC_WARN_UNUSED_VARIABLE = YES;
				IPHONEOS_DEPLOYMENT_TARGET = 17.2;
				LOCALIZATION_PREFERS_STRING_CATALOGS = YES;
				MTL_ENABLE_DEBUG_INFO = INCLUDE_SOURCE;
				MTL_FAST_MATH = YES;
				ONLY_ACTIVE_ARCH = YES;
				SDKROOT = iphoneos;
				SWIFT_ACTIVE_COMPILATION_CONDITIONS = "DEBUG $(inherited)";
				SWIFT_OPTIMIZATION_LEVEL = "-Onone";
			};
			name = Debug;
		};
		BAA4D9B62B5A1796005999F8 /* Release */ = {
			isa = XCBuildConfiguration;
			baseConfigurationReference = BA0564052B624646003D6DC7 /* Shared.xcconfig */;
			buildSettings = {
				ALWAYS_SEARCH_USER_PATHS = NO;
				ASSETCATALOG_COMPILER_GENERATE_SWIFT_ASSET_SYMBOL_EXTENSIONS = YES;
				CLANG_ANALYZER_NONNULL = YES;
				CLANG_ANALYZER_NUMBER_OBJECT_CONVERSION = YES_AGGRESSIVE;
				CLANG_CXX_LANGUAGE_STANDARD = "gnu++20";
				CLANG_ENABLE_MODULES = YES;
				CLANG_ENABLE_OBJC_ARC = YES;
				CLANG_ENABLE_OBJC_WEAK = YES;
				CLANG_WARN_BLOCK_CAPTURE_AUTORELEASING = YES;
				CLANG_WARN_BOOL_CONVERSION = YES;
				CLANG_WARN_COMMA = YES;
				CLANG_WARN_CONSTANT_CONVERSION = YES;
				CLANG_WARN_DEPRECATED_OBJC_IMPLEMENTATIONS = YES;
				CLANG_WARN_DIRECT_OBJC_ISA_USAGE = YES_ERROR;
				CLANG_WARN_DOCUMENTATION_COMMENTS = YES;
				CLANG_WARN_EMPTY_BODY = YES;
				CLANG_WARN_ENUM_CONVERSION = YES;
				CLANG_WARN_INFINITE_RECURSION = YES;
				CLANG_WARN_INT_CONVERSION = YES;
				CLANG_WARN_NON_LITERAL_NULL_CONVERSION = YES;
				CLANG_WARN_OBJC_IMPLICIT_RETAIN_SELF = YES;
				CLANG_WARN_OBJC_LITERAL_CONVERSION = YES;
				CLANG_WARN_OBJC_ROOT_CLASS = YES_ERROR;
				CLANG_WARN_QUOTED_INCLUDE_IN_FRAMEWORK_HEADER = YES;
				CLANG_WARN_RANGE_LOOP_ANALYSIS = YES;
				CLANG_WARN_STRICT_PROTOTYPES = YES;
				CLANG_WARN_SUSPICIOUS_MOVE = YES;
				CLANG_WARN_UNGUARDED_AVAILABILITY = YES_AGGRESSIVE;
				CLANG_WARN_UNREACHABLE_CODE = YES;
				CLANG_WARN__DUPLICATE_METHOD_MATCH = YES;
				COPY_PHASE_STRIP = NO;
				DEBUG_INFORMATION_FORMAT = "dwarf-with-dsym";
				ENABLE_NS_ASSERTIONS = NO;
				ENABLE_STRICT_OBJC_MSGSEND = YES;
				ENABLE_USER_SCRIPT_SANDBOXING = YES;
				GCC_C_LANGUAGE_STANDARD = gnu17;
				GCC_NO_COMMON_BLOCKS = YES;
				GCC_WARN_64_TO_32_BIT_CONVERSION = YES;
				GCC_WARN_ABOUT_RETURN_TYPE = YES_ERROR;
				GCC_WARN_UNDECLARED_SELECTOR = YES;
				GCC_WARN_UNINITIALIZED_AUTOS = YES_AGGRESSIVE;
				GCC_WARN_UNUSED_FUNCTION = YES;
				GCC_WARN_UNUSED_VARIABLE = YES;
				IPHONEOS_DEPLOYMENT_TARGET = 17.2;
				LOCALIZATION_PREFERS_STRING_CATALOGS = YES;
				MTL_ENABLE_DEBUG_INFO = NO;
				MTL_FAST_MATH = YES;
				SDKROOT = iphoneos;
				SWIFT_COMPILATION_MODE = wholemodule;
				VALIDATE_PRODUCT = YES;
			};
			name = Release;
		};
		BAA4D9B82B5A1796005999F8 /* Debug */ = {
			isa = XCBuildConfiguration;
			baseConfigurationReference = BA0564052B624646003D6DC7 /* Shared.xcconfig */;
			buildSettings = {
				ASSETCATALOG_COMPILER_APPICON_NAME = AppIcon;
				ASSETCATALOG_COMPILER_GLOBAL_ACCENT_COLOR_NAME = AccentColor;
				CODE_SIGN_STYLE = Automatic;
				CURRENT_PROJECT_VERSION = 1;
				DEVELOPMENT_ASSET_PATHS = "\"PyeonHaeng-iOS/Preview Content\"";
				DEVELOPMENT_TEAM = 2ZQR76M3UH;
				ENABLE_PREVIEWS = YES;
				ENABLE_USER_SCRIPT_SANDBOXING = NO;
				GENERATE_INFOPLIST_FILE = YES;
				INFOPLIST_FILE = "PyeonHaeng-iOS/Resources/Info.plist";
				INFOPLIST_KEY_UIApplicationSceneManifest_Generation = YES;
				INFOPLIST_KEY_UIApplicationSupportsIndirectInputEvents = YES;
				INFOPLIST_KEY_UILaunchScreen_Generation = YES;
				INFOPLIST_KEY_UISupportedInterfaceOrientations_iPad = "UIInterfaceOrientationPortrait UIInterfaceOrientationPortraitUpsideDown UIInterfaceOrientationLandscapeLeft UIInterfaceOrientationLandscapeRight";
				INFOPLIST_KEY_UISupportedInterfaceOrientations_iPhone = "UIInterfaceOrientationPortrait UIInterfaceOrientationLandscapeLeft UIInterfaceOrientationLandscapeRight";
				IPHONEOS_DEPLOYMENT_TARGET = 17.0;
				LD_RUNPATH_SEARCH_PATHS = (
					"$(inherited)",
					"@executable_path/Frameworks",
				);
				MARKETING_VERSION = 2.0.0;
				PRODUCT_BUNDLE_IDENTIFIER = com.sfam.pyeonhaeng;
				PRODUCT_NAME = "$(TARGET_NAME)";
				SWIFT_EMIT_LOC_STRINGS = YES;
				SWIFT_VERSION = 5.0;
				TARGETED_DEVICE_FAMILY = "1,2";
			};
			name = Debug;
		};
		BAA4D9B92B5A1796005999F8 /* Release */ = {
			isa = XCBuildConfiguration;
			baseConfigurationReference = BA0564052B624646003D6DC7 /* Shared.xcconfig */;
			buildSettings = {
				ASSETCATALOG_COMPILER_APPICON_NAME = AppIcon;
				ASSETCATALOG_COMPILER_GLOBAL_ACCENT_COLOR_NAME = AccentColor;
				CODE_SIGN_STYLE = Automatic;
				CURRENT_PROJECT_VERSION = 1;
				DEVELOPMENT_ASSET_PATHS = "\"PyeonHaeng-iOS/Preview Content\"";
				DEVELOPMENT_TEAM = 2ZQR76M3UH;
				ENABLE_PREVIEWS = YES;
				ENABLE_USER_SCRIPT_SANDBOXING = NO;
				GENERATE_INFOPLIST_FILE = YES;
				INFOPLIST_FILE = "PyeonHaeng-iOS/Resources/Info.plist";
				INFOPLIST_KEY_UIApplicationSceneManifest_Generation = YES;
				INFOPLIST_KEY_UIApplicationSupportsIndirectInputEvents = YES;
				INFOPLIST_KEY_UILaunchScreen_Generation = YES;
				INFOPLIST_KEY_UISupportedInterfaceOrientations_iPad = "UIInterfaceOrientationPortrait UIInterfaceOrientationPortraitUpsideDown UIInterfaceOrientationLandscapeLeft UIInterfaceOrientationLandscapeRight";
				INFOPLIST_KEY_UISupportedInterfaceOrientations_iPhone = "UIInterfaceOrientationPortrait UIInterfaceOrientationLandscapeLeft UIInterfaceOrientationLandscapeRight";
				IPHONEOS_DEPLOYMENT_TARGET = 17.0;
				LD_RUNPATH_SEARCH_PATHS = (
					"$(inherited)",
					"@executable_path/Frameworks",
				);
				MARKETING_VERSION = 2.0.0;
				PRODUCT_BUNDLE_IDENTIFIER = com.sfam.pyeonhaeng;
				PRODUCT_NAME = "$(TARGET_NAME)";
				SWIFT_EMIT_LOC_STRINGS = YES;
				SWIFT_VERSION = 5.0;
				TARGETED_DEVICE_FAMILY = "1,2";
			};
			name = Release;
		};
/* End XCBuildConfiguration section */

/* Begin XCConfigurationList section */
		BA28F17F2B6155450052855E /* Build configuration list for PBXNativeTarget "PyeonHaeng-iOSTests" */ = {
			isa = XCConfigurationList;
			buildConfigurations = (
				BA28F1802B6155450052855E /* Debug */,
				BA28F1812B6155450052855E /* Release */,
			);
			defaultConfigurationIsVisible = 0;
			defaultConfigurationName = Debug;
		};
		BAA4D9A42B5A1795005999F8 /* Build configuration list for PBXProject "PyeonHaeng-iOS" */ = {
			isa = XCConfigurationList;
			buildConfigurations = (
				BAA4D9B52B5A1796005999F8 /* Debug */,
				BAA4D9B62B5A1796005999F8 /* Release */,
			);
			defaultConfigurationIsVisible = 0;
			defaultConfigurationName = Debug;
		};
		BAA4D9B72B5A1796005999F8 /* Build configuration list for PBXNativeTarget "PyeonHaeng-iOS" */ = {
			isa = XCConfigurationList;
			buildConfigurations = (
				BAA4D9B82B5A1796005999F8 /* Debug */,
				BAA4D9B92B5A1796005999F8 /* Release */,
			);
			defaultConfigurationIsVisible = 0;
			defaultConfigurationName = Debug;
		};
/* End XCConfigurationList section */

/* Begin XCSwiftPackageProductDependency section */
		BA0564082B6248EA003D6DC7 /* HomeAPI */ = {
			isa = XCSwiftPackageProductDependency;
			productName = HomeAPI;
		};
		BA05640A2B6248EA003D6DC7 /* HomeAPISupport */ = {
			isa = XCSwiftPackageProductDependency;
			productName = HomeAPISupport;
		};
		BA05640C2B6248EA003D6DC7 /* Network */ = {
			isa = XCSwiftPackageProductDependency;
			productName = Network;
		};
		BA0623D72B68E51400A0A3B2 /* Log */ = {
			isa = XCSwiftPackageProductDependency;
			productName = Log;
		};
		BA4EA35F2B6A37E10003DCE7 /* Entity */ = {
			isa = XCSwiftPackageProductDependency;
			productName = Entity;
		};
		BA4FB9C42BA1BC5B00ED03C4 /* NoticeAPI */ = {
			isa = XCSwiftPackageProductDependency;
			productName = NoticeAPI;
		};
		BA4FB9C62BA1BC5B00ED03C4 /* NoticeAPISupport */ = {
			isa = XCSwiftPackageProductDependency;
			productName = NoticeAPISupport;
		};
		BAB569602B639F3000D1E0F9 /* DesignSystem */ = {
			isa = XCSwiftPackageProductDependency;
			productName = DesignSystem;
		};
		E55DD5172B9370D100AA63C0 /* SearchAPI */ = {
			isa = XCSwiftPackageProductDependency;
			productName = SearchAPI;
		};
		E55DD5192B9370D100AA63C0 /* SearchAPISupport */ = {
			isa = XCSwiftPackageProductDependency;
			productName = SearchAPISupport;
		};
		E57F2AA32B7717EA00E12B3D /* ProductInfoAPI */ = {
			isa = XCSwiftPackageProductDependency;
			productName = ProductInfoAPI;
		};
		E57F2AA52B7717EA00E12B3D /* ProductInfoAPISupport */ = {
			isa = XCSwiftPackageProductDependency;
			productName = ProductInfoAPISupport;
		};
/* End XCSwiftPackageProductDependency section */
	};
	rootObject = BAA4D9A12B5A1795005999F8 /* Project object */;
}
